// !$*UTF8*$!
{
	archiveVersion = 1;
	classes = {
	};
	objectVersion = 77;
	objects = {

/* Begin PBXContainerItemProxy section */
		5FF645942E296A0A0042E6D5 /* PBXContainerItemProxy */ = {
			isa = PBXContainerItemProxy;
			containerPortal = 5FF6457B2E296A090042E6D5 /* Project object */;
			proxyType = 1;
			remoteGlobalIDString = 5FF645822E296A090042E6D5;
			remoteInfo = CryptoPriceTracker;
		};
		5FF6459E2E296A0A0042E6D5 /* PBXContainerItemProxy */ = {
			isa = PBXContainerItemProxy;
			containerPortal = 5FF6457B2E296A090042E6D5 /* Project object */;
			proxyType = 1;
			remoteGlobalIDString = 5FF645822E296A090042E6D5;
			remoteInfo = CryptoPriceTracker;
		};
/* End PBXContainerItemProxy section */

/* Begin PBXFileReference section */
		5FF645832E296A090042E6D5 /* CryptoPriceTracker.app */ = {isa = PBXFileReference; explicitFileType = wrapper.application; includeInIndex = 0; path = CryptoPriceTracker.app; sourceTree = BUILT_PRODUCTS_DIR; };
		5FF645932E296A0A0042E6D5 /* CryptoPriceTrackerTests.xctest */ = {isa = PBXFileReference; explicitFileType = wrapper.cfbundle; includeInIndex = 0; path = CryptoPriceTrackerTests.xctest; sourceTree = BUILT_PRODUCTS_DIR; };
		5FF6459D2E296A0A0042E6D5 /* CryptoPriceTrackerUITests.xctest */ = {isa = PBXFileReference; explicitFileType = wrapper.cfbundle; includeInIndex = 0; path = CryptoPriceTrackerUITests.xctest; sourceTree = BUILT_PRODUCTS_DIR; };
/* End PBXFileReference section */

/* Begin PBXFileSystemSynchronizedRootGroup section */
		5FF645852E296A090042E6D5 /* CryptoPriceTracker */ = {
			isa = PBXFileSystemSynchronizedRootGroup;
			path = CryptoPriceTracker;
			sourceTree = "<group>";
		};
		5FF645962E296A0A0042E6D5 /* CryptoPriceTrackerTests */ = {
			isa = PBXFileSystemSynchronizedRootGroup;
			path = CryptoPriceTrackerTests;
			sourceTree = "<group>";
		};
		5FF645A02E296A0A0042E6D5 /* CryptoPriceTrackerUITests */ = {
			isa = PBXFileSystemSynchronizedRootGroup;
			path = CryptoPriceTrackerUITests;
			sourceTree = "<group>";
		};
/* End PBXFileSystemSynchronizedRootGroup section */

/* Begin PBXFrameworksBuildPhase section */
		5FF645802E296A090042E6D5 /* Frameworks */ = {
			isa = PBXFrameworksBuildPhase;
			buildActionMask = 2147483647;
			files = (
			);
			runOnlyForDeploymentPostprocessing = 0;
		};
		5FF645902E296A0A0042E6D5 /* Frameworks */ = {
			isa = PBXFrameworksBuildPhase;
			buildActionMask = 2147483647;
			files = (
			);
			runOnlyForDeploymentPostprocessing = 0;
		};
		5FF6459A2E296A0A0042E6D5 /* Frameworks */ = {
			isa = PBXFrameworksBuildPhase;
			buildActionMask = 2147483647;
			files = (
			);
			runOnlyForDeploymentPostprocessing = 0;
		};
/* End PBXFrameworksBuildPhase section */

/* Begin PBXGroup section */
		5FF6457A2E296A090042E6D5 = {
			isa = PBXGroup;
			children = (
				5FF645852E296A090042E6D5 /* CryptoPriceTracker */,
				5FF645962E296A0A0042E6D5 /* CryptoPriceTrackerTests */,
				5FF645A02E296A0A0042E6D5 /* CryptoPriceTrackerUITests */,
				5FF645842E296A090042E6D5 /* Products */,
			);
			sourceTree = "<group>";
		};
		5FF645842E296A090042E6D5 /* Products */ = {
			isa = PBXGroup;
			children = (
				5FF645832E296A090042E6D5 /* CryptoPriceTracker.app */,
				5FF645932E296A0A0042E6D5 /* CryptoPriceTrackerTests.xctest */,
				5FF6459D2E296A0A0042E6D5 /* CryptoPriceTrackerUITests.xctest */,
			);
			name = Products;
			sourceTree = "<group>";
		};
/* End PBXGroup section */

/* Begin PBXNativeTarget section */
		5FF645822E296A090042E6D5 /* CryptoPriceTracker */ = {
			isa = PBXNativeTarget;
			buildConfigurationList = 5FF645A72E296A0A0042E6D5 /* Build configuration list for PBXNativeTarget "CryptoPriceTracker" */;
			buildPhases = (
				5FF6457F2E296A090042E6D5 /* Sources */,
				5FF645802E296A090042E6D5 /* Frameworks */,
				5FF645812E296A090042E6D5 /* Resources */,
			);
			buildRules = (
			);
			dependencies = (
			);
			fileSystemSynchronizedGroups = (
				5FF645852E296A090042E6D5 /* CryptoPriceTracker */,
			);
			name = CryptoPriceTracker;
			packageProductDependencies = (
			);
			productName = CryptoPriceTracker;
			productReference = 5FF645832E296A090042E6D5 /* CryptoPriceTracker.app */;
			productType = "com.apple.product-type.application";
		};
		5FF645922E296A0A0042E6D5 /* CryptoPriceTrackerTests */ = {
			isa = PBXNativeTarget;
			buildConfigurationList = 5FF645AA2E296A0A0042E6D5 /* Build configuration list for PBXNativeTarget "CryptoPriceTrackerTests" */;
			buildPhases = (
				5FF6458F2E296A0A0042E6D5 /* Sources */,
				5FF645902E296A0A0042E6D5 /* Frameworks */,
				5FF645912E296A0A0042E6D5 /* Resources */,
			);
			buildRules = (
			);
			dependencies = (
				5FF645952E296A0A0042E6D5 /* PBXTargetDependency */,
			);
			fileSystemSynchronizedGroups = (
				5FF645962E296A0A0042E6D5 /* CryptoPriceTrackerTests */,
			);
			name = CryptoPriceTrackerTests;
			packageProductDependencies = (
			);
			productName = CryptoPriceTrackerTests;
			productReference = 5FF645932E296A0A0042E6D5 /* CryptoPriceTrackerTests.xctest */;
			productType = "com.apple.product-type.bundle.unit-test";
		};
		5FF6459C2E296A0A0042E6D5 /* CryptoPriceTrackerUITests */ = {
			isa = PBXNativeTarget;
			buildConfigurationList = 5FF645AD2E296A0A0042E6D5 /* Build configuration list for PBXNativeTarget "CryptoPriceTrackerUITests" */;
			buildPhases = (
				5FF645992E296A0A0042E6D5 /* Sources */,
				5FF6459A2E296A0A0042E6D5 /* Frameworks */,
				5FF6459B2E296A0A0042E6D5 /* Resources */,
			);
			buildRules = (
			);
			dependencies = (
				5FF6459F2E296A0A0042E6D5 /* PBXTargetDependency */,
			);
			fileSystemSynchronizedGroups = (
				5FF645A02E296A0A0042E6D5 /* CryptoPriceTrackerUITests */,
			);
			name = CryptoPriceTrackerUITests;
			packageProductDependencies = (
			);
			productName = CryptoPriceTrackerUITests;
			productReference = 5FF6459D2E296A0A0042E6D5 /* CryptoPriceTrackerUITests.xctest */;
			productType = "com.apple.product-type.bundle.ui-testing";
		};
/* End PBXNativeTarget section */

/* Begin PBXProject section */
		5FF6457B2E296A090042E6D5 /* Project object */ = {
			isa = PBXProject;
			attributes = {
				BuildIndependentTargetsInParallel = 1;
				LastSwiftUpdateCheck = 1620;
				LastUpgradeCheck = 1620;
				TargetAttributes = {
					5FF645822E296A090042E6D5 = {
						CreatedOnToolsVersion = 16.2;
					};
					5FF645922E296A0A0042E6D5 = {
						CreatedOnToolsVersion = 16.2;
						TestTargetID = 5FF645822E296A090042E6D5;
					};
					5FF6459C2E296A0A0042E6D5 = {
						CreatedOnToolsVersion = 16.2;
						TestTargetID = 5FF645822E296A090042E6D5;
					};
				};
			};
			buildConfigurationList = 5FF6457E2E296A090042E6D5 /* Build configuration list for PBXProject "CryptoPriceTracker" */;
			developmentRegion = en;
			hasScannedForEncodings = 0;
			knownRegions = (
				en,
				Base,
			);
			mainGroup = 5FF6457A2E296A090042E6D5;
			minimizedProjectReferenceProxies = 1;
			packageReferences = (
			);
			preferredProjectObjectVersion = 77;
			productRefGroup = 5FF645842E296A090042E6D5 /* Products */;
			projectDirPath = "";
			projectRoot = "";
			targets = (
				5FF645822E296A090042E6D5 /* CryptoPriceTracker */,
				5FF645922E296A0A0042E6D5 /* CryptoPriceTrackerTests */,
				5FF6459C2E296A0A0042E6D5 /* CryptoPriceTrackerUITests */,
			);
		};
/* End PBXProject section */

/* Begin PBXResourcesBuildPhase section */
		5FF645812E296A090042E6D5 /* Resources */ = {
			isa = PBXResourcesBuildPhase;
			buildActionMask = 2147483647;
			files = (
			);
			runOnlyForDeploymentPostprocessing = 0;
		};
		5FF645912E296A0A0042E6D5 /* Resources */ = {
			isa = PBXResourcesBuildPhase;
			buildActionMask = 2147483647;
			files = (
			);
			runOnlyForDeploymentPostprocessing = 0;
		};
		5FF6459B2E296A0A0042E6D5 /* Resources */ = {
			isa = PBXResourcesBuildPhase;
			buildActionMask = 2147483647;
			files = (
			);
			runOnlyForDeploymentPostprocessing = 0;
		};
/* End PBXResourcesBuildPhase section */

/* Begin PBXSourcesBuildPhase section */
		5FF6457F2E296A090042E6D5 /* Sources */ = {
			isa = PBXSourcesBuildPhase;
			buildActionMask = 2147483647;
			files = (
			);
			runOnlyForDeploymentPostprocessing = 0;
		};
		5FF6458F2E296A0A0042E6D5 /* Sources */ = {
			isa = PBXSourcesBuildPhase;
			buildActionMask = 2147483647;
			files = (
			);
			runOnlyForDeploymentPostprocessing = 0;
		};
		5FF645992E296A0A0042E6D5 /* Sources */ = {
			isa = PBXSourcesBuildPhase;
			buildActionMask = 2147483647;
			files = (
			);
			runOnlyForDeploymentPostprocessing = 0;
		};
/* End PBXSourcesBuildPhase section */

/* Begin PBXTargetDependency section */
		5FF645952E296A0A0042E6D5 /* PBXTargetDependency */ = {
			isa = PBXTargetDependency;
			target = 5FF645822E296A090042E6D5 /* CryptoPriceTracker */;
			targetProxy = 5FF645942E296A0A0042E6D5 /* PBXContainerItemProxy */;
		};
		5FF6459F2E296A0A0042E6D5 /* PBXTargetDependency */ = {
			isa = PBXTargetDependency;
			target = 5FF645822E296A090042E6D5 /* CryptoPriceTracker */;
			targetProxy = 5FF6459E2E296A0A0042E6D5 /* PBXContainerItemProxy */;
		};
/* End PBXTargetDependency section */

/* Begin XCBuildConfiguration section */
		5FF645A52E296A0A0042E6D5 /* Debug */ = {
			isa = XCBuildConfiguration;
			buildSettings = {
				ALWAYS_SEARCH_USER_PATHS = NO;
				ASSETCATALOG_COMPILER_GENERATE_SWIFT_ASSET_SYMBOL_EXTENSIONS = YES;
				CLANG_ANALYZER_NONNULL = YES;
				CLANG_ANALYZER_NUMBER_OBJECT_CONVERSION = YES_AGGRESSIVE;
				CLANG_CXX_LANGUAGE_STANDARD = "gnu++20";
				CLANG_ENABLE_MODULES = YES;
				CLANG_ENABLE_OBJC_ARC = YES;
				CLANG_ENABLE_OBJC_WEAK = YES;
				CLANG_WARN_BLOCK_CAPTURE_AUTORELEASING = YES;
				CLANG_WARN_BOOL_CONVERSION = YES;
				CLANG_WARN_COMMA = YES;
				CLANG_WARN_CONSTANT_CONVERSION = YES;
				CLANG_WARN_DEPRECATED_OBJC_IMPLEMENTATIONS = YES;
				CLANG_WARN_DIRECT_OBJC_ISA_USAGE = YES_ERROR;
				CLANG_WARN_DOCUMENTATION_COMMENTS = YES;
				CLANG_WARN_EMPTY_BODY = YES;
				CLANG_WARN_ENUM_CONVERSION = YES;
				CLANG_WARN_INFINITE_RECURSION = YES;
				CLANG_WARN_INT_CONVERSION = YES;
				CLANG_WARN_NON_LITERAL_NULL_CONVERSION = YES;
				CLANG_WARN_OBJC_IMPLICIT_RETAIN_SELF = YES;
				CLANG_WARN_OBJC_LITERAL_CONVERSION = YES;
				CLANG_WARN_OBJC_ROOT_CLASS = YES_ERROR;
				CLANG_WARN_QUOTED_INCLUDE_IN_FRAMEWORK_HEADER = YES;
				CLANG_WARN_RANGE_LOOP_ANALYSIS = YES;
				CLANG_WARN_STRICT_PROTOTYPES = YES;
				CLANG_WARN_SUSPICIOUS_MOVE = YES;
				CLANG_WARN_UNGUARDED_AVAILABILITY = YES_AGGRESSIVE;
				CLANG_WARN_UNREACHABLE_CODE = YES;
				CLANG_WARN__DUPLICATE_METHOD_MATCH = YES;
				COPY_PHASE_STRIP = NO;
				DEBUG_INFORMATION_FORMAT = dwarf;
				ENABLE_STRICT_OBJC_MSGSEND = YES;
				ENABLE_TESTABILITY = YES;
				ENABLE_USER_SCRIPT_SANDBOXING = YES;
				GCC_C_LANGUAGE_STANDARD = gnu17;
				GCC_DYNAMIC_NO_PIC = NO;
				GCC_NO_COMMON_BLOCKS = YES;
				GCC_OPTIMIZATION_LEVEL = 0;
				GCC_PREPROCESSOR_DEFINITIONS = (
					"DEBUG=1",
					"$(inherited)",
				);
				GCC_WARN_64_TO_32_BIT_CONVERSION = YES;
				GCC_WARN_ABOUT_RETURN_TYPE = YES_ERROR;
				GCC_WARN_UNDECLARED_SELECTOR = YES;
				GCC_WARN_UNINITIALIZED_AUTOS = YES_AGGRESSIVE;
				GCC_WARN_UNUSED_FUNCTION = YES;
				GCC_WARN_UNUSED_VARIABLE = YES;
				IPHONEOS_DEPLOYMENT_TARGET = 18.2;
				LOCALIZATION_PREFERS_STRING_CATALOGS = YES;
				MTL_ENABLE_DEBUG_INFO = INCLUDE_SOURCE;
				MTL_FAST_MATH = YES;
				ONLY_ACTIVE_ARCH = YES;
				SDKROOT = iphoneos;
				SWIFT_ACTIVE_COMPILATION_CONDITIONS = "DEBUG $(inherited)";
				SWIFT_OPTIMIZATION_LEVEL = "-Onone";
			};
			name = Debug;
		};
		5FF645A62E296A0A0042E6D5 /* Release */ = {
			isa = XCBuildConfiguration;
			buildSettings = {
				ALWAYS_SEARCH_USER_PATHS = NO;
				ASSETCATALOG_COMPILER_GENERATE_SWIFT_ASSET_SYMBOL_EXTENSIONS = YES;
				CLANG_ANALYZER_NONNULL = YES;
				CLANG_ANALYZER_NUMBER_OBJECT_CONVERSION = YES_AGGRESSIVE;
				CLANG_CXX_LANGUAGE_STANDARD = "gnu++20";
				CLANG_ENABLE_MODULES = YES;
				CLANG_ENABLE_OBJC_ARC = YES;
				CLANG_ENABLE_OBJC_WEAK = YES;
				CLANG_WARN_BLOCK_CAPTURE_AUTORELEASING = YES;
				CLANG_WARN_BOOL_CONVERSION = YES;
				CLANG_WARN_COMMA = YES;
				CLANG_WARN_CONSTANT_CONVERSION = YES;
				CLANG_WARN_DEPRECATED_OBJC_IMPLEMENTATIONS = YES;
				CLANG_WARN_DIRECT_OBJC_ISA_USAGE = YES_ERROR;
				CLANG_WARN_DOCUMENTATION_COMMENTS = YES;
				CLANG_WARN_EMPTY_BODY = YES;
				CLANG_WARN_ENUM_CONVERSION = YES;
				CLANG_WARN_INFINITE_RECURSION = YES;
				CLANG_WARN_INT_CONVERSION = YES;
				CLANG_WARN_NON_LITERAL_NULL_CONVERSION = YES;
				CLANG_WARN_OBJC_IMPLICIT_RETAIN_SELF = YES;
				CLANG_WARN_OBJC_LITERAL_CONVERSION = YES;
				CLANG_WARN_OBJC_ROOT_CLASS = YES_ERROR;
				CLANG_WARN_QUOTED_INCLUDE_IN_FRAMEWORK_HEADER = YES;
				CLANG_WARN_RANGE_LOOP_ANALYSIS = YES;
				CLANG_WARN_STRICT_PROTOTYPES = YES;
				CLANG_WARN_SUSPICIOUS_MOVE = YES;
				CLANG_WARN_UNGUARDED_AVAILABILITY = YES_AGGRESSIVE;
				CLANG_WARN_UNREACHABLE_CODE = YES;
				CLANG_WARN__DUPLICATE_METHOD_MATCH = YES;
				COPY_PHASE_STRIP = NO;
				DEBUG_INFORMATION_FORMAT = "dwarf-with-dsym";
				ENABLE_NS_ASSERTIONS = NO;
				ENABLE_STRICT_OBJC_MSGSEND = YES;
				ENABLE_USER_SCRIPT_SANDBOXING = YES;
				GCC_C_LANGUAGE_STANDARD = gnu17;
				GCC_NO_COMMON_BLOCKS = YES;
				GCC_WARN_64_TO_32_BIT_CONVERSION = YES;
				GCC_WARN_ABOUT_RETURN_TYPE = YES_ERROR;
				GCC_WARN_UNDECLARED_SELECTOR = YES;
				GCC_WARN_UNINITIALIZED_AUTOS = YES_AGGRESSIVE;
				GCC_WARN_UNUSED_FUNCTION = YES;
				GCC_WARN_UNUSED_VARIABLE = YES;
				IPHONEOS_DEPLOYMENT_TARGET = 18.2;
				LOCALIZATION_PREFERS_STRING_CATALOGS = YES;
				MTL_ENABLE_DEBUG_INFO = NO;
				MTL_FAST_MATH = YES;
				SDKROOT = iphoneos;
				SWIFT_COMPILATION_MODE = wholemodule;
				VALIDATE_PRODUCT = YES;
			};
			name = Release;
		};
		5FF645A82E296A0A0042E6D5 /* Debug */ = {
			isa = XCBuildConfiguration;
			buildSettings = {
				ASSETCATALOG_COMPILER_APPICON_NAME = AppIcon;
				ASSETCATALOG_COMPILER_GLOBAL_ACCENT_COLOR_NAME = AccentColor;
				CODE_SIGN_STYLE = Automatic;
				CURRENT_PROJECT_VERSION = 1;
				DEVELOPMENT_ASSET_PATHS = "\"CryptoPriceTracker/Preview Content\"";
				DEVELOPMENT_TEAM = 32962W2QPK;
				ENABLE_PREVIEWS = YES;
				GENERATE_INFOPLIST_FILE = YES;
				INFOPLIST_KEY_UIApplicationSceneManifest_Generation = YES;
				INFOPLIST_KEY_UIApplicationSupportsIndirectInputEvents = YES;
				INFOPLIST_KEY_UILaunchScreen_Generation = YES;
				INFOPLIST_KEY_UISupportedInterfaceOrientations_iPad = "UIInterfaceOrientationPortrait UIInterfaceOrientationPortraitUpsideDown UIInterfaceOrientationLandscapeLeft UIInterfaceOrientationLandscapeRight";
				INFOPLIST_KEY_UISupportedInterfaceOrientations_iPhone = "UIInterfaceOrientationPortrait UIInterfaceOrientationLandscapeLeft UIInterfaceOrientationLandscapeRight";
				LD_RUNPATH_SEARCH_PATHS = (
					"$(inherited)",
					"@executable_path/Frameworks",
				);
				MARKETING_VERSION = 1.0;
				PRODUCT_BUNDLE_IDENTIFIER = com.gourav.crypto.CryptoPriceTracker;
				PRODUCT_NAME = "$(TARGET_NAME)";
				SWIFT_EMIT_LOC_STRINGS = YES;
				SWIFT_VERSION = 5.0;
				TARGETED_DEVICE_FAMILY = "1,2";
			};
			name = Debug;
		};
		5FF645A92E296A0A0042E6D5 /* Release */ = {
			isa = XCBuildConfiguration;
			buildSettings = {
				ASSETCATALOG_COMPILER_APPICON_NAME = AppIcon;
				ASSETCATALOG_COMPILER_GLOBAL_ACCENT_COLOR_NAME = AccentColor;
				CODE_SIGN_STYLE = Automatic;
				CURRENT_PROJECT_VERSION = 1;
				DEVELOPMENT_ASSET_PATHS = "\"CryptoPriceTracker/Preview Content\"";
				DEVELOPMENT_TEAM = 32962W2QPK;
				ENABLE_PREVIEWS = YES;
				GENERATE_INFOPLIST_FILE = YES;
				INFOPLIST_KEY_UIApplicationSceneManifest_Generation = YES;
				INFOPLIST_KEY_UIApplicationSupportsIndirectInputEvents = YES;
				INFOPLIST_KEY_UILaunchScreen_Generation = YES;
				INFOPLIST_KEY_UISupportedInterfaceOrientations_iPad = "UIInterfaceOrientationPortrait UIInterfaceOrientationPortraitUpsideDown UIInterfaceOrientationLandscapeLeft UIInterfaceOrientationLandscapeRight";
				INFOPLIST_KEY_UISupportedInterfaceOrientations_iPhone = "UIInterfaceOrientationPortrait UIInterfaceOrientationLandscapeLeft UIInterfaceOrientationLandscapeRight";
				LD_RUNPATH_SEARCH_PATHS = (
					"$(inherited)",
					"@executable_path/Frameworks",
				);
				MARKETING_VERSION = 1.0;
				PRODUCT_BUNDLE_IDENTIFIER = com.gourav.crypto.CryptoPriceTracker;
				PRODUCT_NAME = "$(TARGET_NAME)";
				SWIFT_EMIT_LOC_STRINGS = YES;
				SWIFT_VERSION = 5.0;
				TARGETED_DEVICE_FAMILY = "1,2";
			};
			name = Release;
		};
		5FF645AB2E296A0A0042E6D5 /* Debug */ = {
			isa = XCBuildConfiguration;
			buildSettings = {
				BUNDLE_LOADER = "$(TEST_HOST)";
				CODE_SIGN_STYLE = Automatic;
				CURRENT_PROJECT_VERSION = 1;
				DEVELOPMENT_TEAM = 32962W2QPK;
				GENERATE_INFOPLIST_FILE = YES;
				IPHONEOS_DEPLOYMENT_TARGET = 18.2;
				MARKETING_VERSION = 1.0;
				PRODUCT_BUNDLE_IDENTIFIER = com.gourav.crypto.CryptoPriceTrackerTests;
				PRODUCT_NAME = "$(TARGET_NAME)";
				SWIFT_EMIT_LOC_STRINGS = NO;
				SWIFT_VERSION = 5.0;
				TARGETED_DEVICE_FAMILY = "1,2";
				TEST_HOST = "$(BUILT_PRODUCTS_DIR)/CryptoPriceTracker.app/$(BUNDLE_EXECUTABLE_FOLDER_PATH)/CryptoPriceTracker";
			};
			name = Debug;
		};
		5FF645AC2E296A0A0042E6D5 /* Release */ = {
			isa = XCBuildConfiguration;
			buildSettings = {
				BUNDLE_LOADER = "$(TEST_HOST)";
				CODE_SIGN_STYLE = Automatic;
				CURRENT_PROJECT_VERSION = 1;
				DEVELOPMENT_TEAM = 32962W2QPK;
				GENERATE_INFOPLIST_FILE = YES;
				IPHONEOS_DEPLOYMENT_TARGET = 18.2;
				MARKETING_VERSION = 1.0;
				PRODUCT_BUNDLE_IDENTIFIER = com.gourav.crypto.CryptoPriceTrackerTests;
				PRODUCT_NAME = "$(TARGET_NAME)";
				SWIFT_EMIT_LOC_STRINGS = NO;
				SWIFT_VERSION = 5.0;
				TARGETED_DEVICE_FAMILY = "1,2";
				TEST_HOST = "$(BUILT_PRODUCTS_DIR)/CryptoPriceTracker.app/$(BUNDLE_EXECUTABLE_FOLDER_PATH)/CryptoPriceTracker";
			};
			name = Release;
		};
		5FF645AE2E296A0A0042E6D5 /* Debug */ = {
			isa = XCBuildConfiguration;
			buildSettings = {
				CODE_SIGN_STYLE = Automatic;
				CURRENT_PROJECT_VERSION = 1;
				DEVELOPMENT_TEAM = 32962W2QPK;
				GENERATE_INFOPLIST_FILE = YES;
				MARKETING_VERSION = 1.0;
				PRODUCT_BUNDLE_IDENTIFIER = com.gourav.crypto.CryptoPriceTrackerUITests;
				PRODUCT_NAME = "$(TARGET_NAME)";
				SWIFT_EMIT_LOC_STRINGS = NO;
				SWIFT_VERSION = 5.0;
				TARGETED_DEVICE_FAMILY = "1,2";
				TEST_TARGET_NAME = CryptoPriceTracker;
			};
			name = Debug;
		};
		5FF645AF2E296A0A0042E6D5 /* Release */ = {
			isa = XCBuildConfiguration;
			buildSettings = {
				CODE_SIGN_STYLE = Automatic;
				CURRENT_PROJECT_VERSION = 1;
				DEVELOPMENT_TEAM = 32962W2QPK;
				GENERATE_INFOPLIST_FILE = YES;
				MARKETING_VERSION = 1.0;
				PRODUCT_BUNDLE_IDENTIFIER = com.gourav.crypto.CryptoPriceTrackerUITests;
				PRODUCT_NAME = "$(TARGET_NAME)";
				SWIFT_EMIT_LOC_STRINGS = NO;
				SWIFT_VERSION = 5.0;
				TARGETED_DEVICE_FAMILY = "1,2";
				TEST_TARGET_NAME = CryptoPriceTracker;
			};
			name = Release;
		};
/* End XCBuildConfiguration section */

/* Begin XCConfigurationList section */
		5FF6457E2E296A090042E6D5 /* Build configuration list for PBXProject "CryptoPriceTracker" */ = {
			isa = XCConfigurationList;
			buildConfigurations = (
				5FF645A52E296A0A0042E6D5 /* Debug */,
				5FF645A62E296A0A0042E6D5 /* Release */,
			);
			defaultConfigurationIsVisible = 0;
			defaultConfigurationName = Release;
		};
		5FF645A72E296A0A0042E6D5 /* Build configuration list for PBXNativeTarget "CryptoPriceTracker" */ = {
			isa = XCConfigurationList;
			buildConfigurations = (
				5FF645A82E296A0A0042E6D5 /* Debug */,
				5FF645A92E296A0A0042E6D5 /* Release */,
			);
			defaultConfigurationIsVisible = 0;
			defaultConfigurationName = Release;
		};
		5FF645AA2E296A0A0042E6D5 /* Build configuration list for PBXNativeTarget "CryptoPriceTrackerTests" */ = {
			isa = XCConfigurationList;
			buildConfigurations = (
				5FF645AB2E296A0A0042E6D5 /* Debug */,
				5FF645AC2E296A0A0042E6D5 /* Release */,
			);
			defaultConfigurationIsVisible = 0;
			defaultConfigurationName = Release;
		};
		5FF645AD2E296A0A0042E6D5 /* Build configuration list for PBXNativeTarget "CryptoPriceTrackerUITests" */ = {
			isa = XCConfigurationList;
			buildConfigurations = (
				5FF645AE2E296A0A0042E6D5 /* Debug */,
				5FF645AF2E296A0A0042E6D5 /* Release */,
			);
			defaultConfigurationIsVisible = 0;
			defaultConfigurationName = Release;
		};
/* End XCConfigurationList section */
	};
	rootObject = 5FF6457B2E296A090042E6D5 /* Project object */;
}
